
Microsoft Visual Studio Solution File, Format Version 12.00
# Visual Studio 15
VisualStudioVersion = 15.0.27703.1
MinimumVisualStudioVersion = 10.0.40219.1
Project("{FAE04EC0-301F-11D3-BF4B-00C04F79EFBC}") = "Samples", "Samples\Samples.csproj", "{A10F1615-4246-43EF-9619-0544E5B07AD7}"
EndProject
Global
	GlobalSection(SolutionConfigurationPlatforms) = preSolution
		Debug|Any CPU = Debug|Any CPU
		Release|Any CPU = Release|Any CPU
	EndGlobalSection
	GlobalSection(ProjectConfigurationPlatforms) = postSolution
		{A10F1615-4246-43EF-9619-0544E5B07AD7}.Debug|Any CPU.ActiveCfg = Debug|Any CPU
		{A10F1615-4246-43EF-9619-0544E5B07AD7}.Debug|Any CPU.Build.0 = Debug|Any CPU
		{A10F1615-4246-43EF-9619-0544E5B07AD7}.Release|Any CPU.ActiveCfg = Release|Any CPU
		{A10F1615-4246-43EF-9619-0544E5B07AD7}.Release|Any CPU.Build.0 = Release|Any CPU
	EndGlobalSection
	GlobalSection(SolutionProperties) = preSolution
		HideSolutionNode = FALSE
	EndGlobalSection
	GlobalSection(ExtensibilityGlobals) = postSolution
		SolutionGuid = {043C6508-9756-419B-9437-C5752F00BCA8}
	EndGlobalSection
EndGlobal
